// !$*UTF8*$!
{
	archiveVersion = 1;
	classes = {
	};
	objectVersion = 46;
	objects = {

/* Begin PBXBuildFile section */
		023DD4D31EE1BA2C00619590 /* AppDelegate.swift in Sources */ = {isa = PBXBuildFile; fileRef = 023DD4D21EE1BA2C00619590 /* AppDelegate.swift */; };
		023DD4D51EE1BA2C00619590 /* ViewController.swift in Sources */ = {isa = PBXBuildFile; fileRef = 023DD4D41EE1BA2C00619590 /* ViewController.swift */; };
		023DD4D81EE1BA2C00619590 /* Main.storyboard in Resources */ = {isa = PBXBuildFile; fileRef = 023DD4D61EE1BA2C00619590 /* Main.storyboard */; };
		023DD4DA1EE1BA2C00619590 /* Assets.xcassets in Resources */ = {isa = PBXBuildFile; fileRef = 023DD4D91EE1BA2C00619590 /* Assets.xcassets */; };
		023DD4DD1EE1BA2C00619590 /* LaunchScreen.storyboard in Resources */ = {isa = PBXBuildFile; fileRef = 023DD4DB1EE1BA2C00619590 /* LaunchScreen.storyboard */; };
		023DD4E51EE1BAF200619590 /* ApiGatewayMac.framework in Frameworks */ = {isa = PBXBuildFile; fileRef = 023DD4E41EE1BAF200619590 /* ApiGatewayMac.framework */; };
		023DD4E61EE1BAF200619590 /* ApiGatewayMac.framework in Embed Frameworks */ = {isa = PBXBuildFile; fileRef = 023DD4E41EE1BAF200619590 /* ApiGatewayMac.framework */; settings = {ATTRIBUTES = (CodeSignOnCopy, RemoveHeadersOnCopy, ); }; };
		023DD4EA1EE1BB0000619590 /* NMapViewerSDK.framework in Frameworks */ = {isa = PBXBuildFile; fileRef = 023DD4E91EE1BB0000619590 /* NMapViewerSDK.framework */; };
/* End PBXBuildFile section */

/* Begin PBXCopyFilesBuildPhase section */
		023DD4E71EE1BAF200619590 /* Embed Frameworks */ = {
			isa = PBXCopyFilesBuildPhase;
			buildActionMask = 2147483647;
			dstPath = "";
			dstSubfolderSpec = 10;
			files = (
				023DD4E61EE1BAF200619590 /* ApiGatewayMac.framework in Embed Frameworks */,
			);
			name = "Embed Frameworks";
			runOnlyForDeploymentPostprocessing = 0;
		};
/* End PBXCopyFilesBuildPhase section */

/* Begin PBXFileReference section */
		023DD4CF1EE1BA2C00619590 /* HowlNaverMap.app */ = {isa = PBXFileReference; explicitFileType = wrapper.application; includeInIndex = 0; path = HowlNaverMap.app; sourceTree = BUILT_PRODUCTS_DIR; };
		023DD4D21EE1BA2C00619590 /* AppDelegate.swift */ = {isa = PBXFileReference; lastKnownFileType = sourcecode.swift; path = AppDelegate.swift; sourceTree = "<group>"; };
		023DD4D41EE1BA2C00619590 /* ViewController.swift */ = {isa = PBXFileReference; lastKnownFileType = sourcecode.swift; path = ViewController.swift; sourceTree = "<group>"; };
		023DD4D71EE1BA2C00619590 /* Base */ = {isa = PBXFileReference; lastKnownFileType = file.storyboard; name = Base; path = Base.lproj/Main.storyboard; sourceTree = "<group>"; };
		023DD4D91EE1BA2C00619590 /* Assets.xcassets */ = {isa = PBXFileReference; lastKnownFileType = folder.assetcatalog; path = Assets.xcassets; sourceTree = "<group>"; };
		023DD4DC1EE1BA2C00619590 /* Base */ = {isa = PBXFileReference; lastKnownFileType = file.storyboard; name = Base; path = Base.lproj/LaunchScreen.storyboard; sourceTree = "<group>"; };
		023DD4DE1EE1BA2C00619590 /* Info.plist */ = {isa = PBXFileReference; lastKnownFileType = text.plist.xml; path = Info.plist; sourceTree = "<group>"; };
		023DD4E41EE1BAF200619590 /* ApiGatewayMac.framework */ = {isa = PBXFileReference; lastKnownFileType = wrapper.framework; name = ApiGatewayMac.framework; path = Frameworks/ApiGatewayMac.framework; sourceTree = "<group>"; };
		023DD4E91EE1BB0000619590 /* NMapViewerSDK.framework */ = {isa = PBXFileReference; lastKnownFileType = wrapper.framework; name = NMapViewerSDK.framework; path = Frameworks/NMapViewerSDK.framework; sourceTree = "<group>"; };
		023DD4EC1EE1BBB900619590 /* HowlNaverMap-Bridging-Header.h */ = {isa = PBXFileReference; lastKnownFileType = sourcecode.c.h; path = "HowlNaverMap-Bridging-Header.h"; sourceTree = "<group>"; };
/* End PBXFileReference section */

/* Begin PBXFrameworksBuildPhase section */
		023DD4CC1EE1BA2C00619590 /* Frameworks */ = {
			isa = PBXFrameworksBuildPhase;
			buildActionMask = 2147483647;
			files = (
				023DD4EA1EE1BB0000619590 /* NMapViewerSDK.framework in Frameworks */,
				023DD4E51EE1BAF200619590 /* ApiGatewayMac.framework in Frameworks */,
			);
			runOnlyForDeploymentPostprocessing = 0;
		};
/* End PBXFrameworksBuildPhase section */

/* Begin PBXGroup section */
		023DD4C61EE1BA2C00619590 = {
			isa = PBXGroup;
			children = (
				023DD4E41EE1BAF200619590 /* ApiGatewayMac.framework */,
				023DD4D11EE1BA2C00619590 /* HowlNaverMap */,
				023DD4D01EE1BA2C00619590 /* Products */,
				023DD4E81EE1BB0000619590 /* Frameworks */,
			);
			sourceTree = "<group>";
		};
		023DD4D01EE1BA2C00619590 /* Products */ = {
			isa = PBXGroup;
			children = (
				023DD4CF1EE1BA2C00619590 /* HowlNaverMap.app */,
			);
			name = Products;
			sourceTree = "<group>";
		};
		023DD4D11EE1BA2C00619590 /* HowlNaverMap */ = {
			isa = PBXGroup;
			children = (
				023DD4D21EE1BA2C00619590 /* AppDelegate.swift */,
				023DD4D41EE1BA2C00619590 /* ViewController.swift */,
				023DD4D61EE1BA2C00619590 /* Main.storyboard */,
				023DD4D91EE1BA2C00619590 /* Assets.xcassets */,
				023DD4DB1EE1BA2C00619590 /* LaunchScreen.storyboard */,
				023DD4DE1EE1BA2C00619590 /* Info.plist */,
				023DD4EC1EE1BBB900619590 /* HowlNaverMap-Bridging-Header.h */,
			);
			path = HowlNaverMap;
			sourceTree = "<group>";
		};
		023DD4E81EE1BB0000619590 /* Frameworks */ = {
			isa = PBXGroup;
			children = (
				023DD4E91EE1BB0000619590 /* NMapViewerSDK.framework */,
			);
			name = Frameworks;
			sourceTree = "<group>";
		};
/* End PBXGroup section */

/* Begin PBXNativeTarget section */
		023DD4CE1EE1BA2C00619590 /* HowlNaverMap */ = {
			isa = PBXNativeTarget;
			buildConfigurationList = 023DD4E11EE1BA2C00619590 /* Build configuration list for PBXNativeTarget "HowlNaverMap" */;
			buildPhases = (
				023DD4CB1EE1BA2C00619590 /* Sources */,
				023DD4CC1EE1BA2C00619590 /* Frameworks */,
				023DD4CD1EE1BA2C00619590 /* Resources */,
				023DD4E71EE1BAF200619590 /* Embed Frameworks */,
				023DD4EB1EE1BB4F00619590 /* ShellScript */,
			);
			buildRules = (
			);
			dependencies = (
			);
			name = HowlNaverMap;
			productName = HowlNaverMap;
			productReference = 023DD4CF1EE1BA2C00619590 /* HowlNaverMap.app */;
			productType = "com.apple.product-type.application";
		};
/* End PBXNativeTarget section */

/* Begin PBXProject section */
		023DD4C71EE1BA2C00619590 /* Project object */ = {
			isa = PBXProject;
			attributes = {
				LastSwiftUpdateCheck = 0830;
				LastUpgradeCheck = 0830;
				ORGANIZATIONNAME = swift;
				TargetAttributes = {
					023DD4CE1EE1BA2C00619590 = {
						CreatedOnToolsVersion = 8.3.2;
						ProvisioningStyle = Automatic;
					};
				};
			};
			buildConfigurationList = 023DD4CA1EE1BA2C00619590 /* Build configuration list for PBXProject "HowlNaverMap" */;
			compatibilityVersion = "Xcode 3.2";
			developmentRegion = English;
			hasScannedForEncodings = 0;
			knownRegions = (
				en,
				Base,
			);
			mainGroup = 023DD4C61EE1BA2C00619590;
			productRefGroup = 023DD4D01EE1BA2C00619590 /* Products */;
			projectDirPath = "";
			projectRoot = "";
			targets = (
				023DD4CE1EE1BA2C00619590 /* HowlNaverMap */,
			);
		};
/* End PBXProject section */

/* Begin PBXResourcesBuildPhase section */
		023DD4CD1EE1BA2C00619590 /* Resources */ = {
			isa = PBXResourcesBuildPhase;
			buildActionMask = 2147483647;
			files = (
				023DD4DD1EE1BA2C00619590 /* LaunchScreen.storyboard in Resources */,
				023DD4DA1EE1BA2C00619590 /* Assets.xcassets in Resources */,
				023DD4D81EE1BA2C00619590 /* Main.storyboard in Resources */,
			);
			runOnlyForDeploymentPostprocessing = 0;
		};
/* End PBXResourcesBuildPhase section */

/* Begin PBXShellScriptBuildPhase section */
		023DD4EB1EE1BB4F00619590 /* ShellScript */ = {
			isa = PBXShellScriptBuildPhase;
			buildActionMask = 2147483647;
			files = (
			);
			inputPaths = (
			);
			outputPaths = (
			);
			runOnlyForDeploymentPostprocessing = 0;
			shellPath = /bin/sh;
			shellScript = "sh Scripts/strip-frameworks.sh";
		};
/* End PBXShellScriptBuildPhase section */

/* Begin PBXSourcesBuildPhase section */
		023DD4CB1EE1BA2C00619590 /* Sources */ = {
			isa = PBXSourcesBuildPhase;
			buildActionMask = 2147483647;
			files = (
				023DD4D51EE1BA2C00619590 /* ViewController.swift in Sources */,
				023DD4D31EE1BA2C00619590 /* AppDelegate.swift in Sources */,
			);
			runOnlyForDeploymentPostprocessing = 0;
		};
/* End PBXSourcesBuildPhase section */

/* Begin PBXVariantGroup section */
		023DD4D61EE1BA2C00619590 /* Main.storyboard */ = {
			isa = PBXVariantGroup;
			children = (
				023DD4D71EE1BA2C00619590 /* Base */,
			);
			name = Main.storyboard;
			sourceTree = "<group>";
		};
		023DD4DB1EE1BA2C00619590 /* LaunchScreen.storyboard */ = {
			isa = PBXVariantGroup;
			children = (
				023DD4DC1EE1BA2C00619590 /* Base */,
			);
			name = LaunchScreen.storyboard;
			sourceTree = "<group>";
		};
/* End PBXVariantGroup section */

/* Begin XCBuildConfiguration section */
		023DD4DF1EE1BA2C00619590 /* Debug */ = {
			isa = XCBuildConfiguration;
			buildSettings = {
				ALWAYS_SEARCH_USER_PATHS = NO;
				CLANG_ANALYZER_NONNULL = YES;
				CLANG_ANALYZER_NUMBER_OBJECT_CONVERSION = YES_AGGRESSIVE;
				CLANG_CXX_LANGUAGE_STANDARD = "gnu++0x";
				CLANG_CXX_LIBRARY = "libc++";
				CLANG_ENABLE_MODULES = YES;
				CLANG_ENABLE_OBJC_ARC = YES;
				CLANG_WARN_BOOL_CONVERSION = YES;
				CLANG_WARN_CONSTANT_CONVERSION = YES;
				CLANG_WARN_DIRECT_OBJC_ISA_USAGE = YES_ERROR;
				CLANG_WARN_DOCUMENTATION_COMMENTS = YES;
				CLANG_WARN_EMPTY_BODY = YES;
				CLANG_WARN_ENUM_CONVERSION = YES;
				CLANG_WARN_INFINITE_RECURSION = YES;
				CLANG_WARN_INT_CONVERSION = YES;
				CLANG_WARN_OBJC_ROOT_CLASS = YES_ERROR;
				CLANG_WARN_SUSPICIOUS_MOVE = YES;
				CLANG_WARN_UNREACHABLE_CODE = YES;
				CLANG_WARN__DUPLICATE_METHOD_MATCH = YES;
				"CODE_SIGN_IDENTITY[sdk=iphoneos*]" = "iPhone Developer";
				COPY_PHASE_STRIP = NO;
				DEBUG_INFORMATION_FORMAT = dwarf;
				ENABLE_STRICT_OBJC_MSGSEND = YES;
				ENABLE_TESTABILITY = YES;
				GCC_C_LANGUAGE_STANDARD = gnu99;
				GCC_DYNAMIC_NO_PIC = NO;
				GCC_NO_COMMON_BLOCKS = YES;
				GCC_OPTIMIZATION_LEVEL = 0;
				GCC_PREPROCESSOR_DEFINITIONS = (
					"DEBUG=1",
					"$(inherited)",
				);
				GCC_WARN_64_TO_32_BIT_CONVERSION = YES;
				GCC_WARN_ABOUT_RETURN_TYPE = YES_ERROR;
				GCC_WARN_UNDECLARED_SELECTOR = YES;
				GCC_WARN_UNINITIALIZED_AUTOS = YES_AGGRESSIVE;
				GCC_WARN_UNUSED_FUNCTION = YES;
				GCC_WARN_UNUSED_VARIABLE = YES;
				IPHONEOS_DEPLOYMENT_TARGET = 10.3;
				MTL_ENABLE_DEBUG_INFO = YES;
				ONLY_ACTIVE_ARCH = YES;
				SDKROOT = iphoneos;
				SWIFT_ACTIVE_COMPILATION_CONDITIONS = DEBUG;
				SWIFT_OPTIMIZATION_LEVEL = "-Onone";
			};
			name = Debug;
		};
		023DD4E01EE1BA2C00619590 /* Release */ = {
			isa = XCBuildConfiguration;
			buildSettings = {
				ALWAYS_SEARCH_USER_PATHS = NO;
				CLANG_ANALYZER_NONNULL = YES;
				CLANG_ANALYZER_NUMBER_OBJECT_CONVERSION = YES_AGGRESSIVE;
				CLANG_CXX_LANGUAGE_STANDARD = "gnu++0x";
				CLANG_CXX_LIBRARY = "libc++";
				CLANG_ENABLE_MODULES = YES;
				CLANG_ENABLE_OBJC_ARC = YES;
				CLANG_WARN_BOOL_CONVERSION = YES;
				CLANG_WARN_CONSTANT_CONVERSION = YES;
				CLANG_WARN_DIRECT_OBJC_ISA_USAGE = YES_ERROR;
				CLANG_WARN_DOCUMENTATION_COMMENTS = YES;
				CLANG_WARN_EMPTY_BODY = YES;
				CLANG_WARN_ENUM_CONVERSION = YES;
				CLANG_WARN_INFINITE_RECURSION = YES;
				CLANG_WARN_INT_CONVERSION = YES;
				CLANG_WARN_OBJC_ROOT_CLASS = YES_ERROR;
				CLANG_WARN_SUSPICIOUS_MOVE = YES;
				CLANG_WARN_UNREACHABLE_CODE = YES;
				CLANG_WARN__DUPLICATE_METHOD_MATCH = YES;
				"CODE_SIGN_IDENTITY[sdk=iphoneos*]" = "iPhone Developer";
				COPY_PHASE_STRIP = NO;
				DEBUG_INFORMATION_FORMAT = "dwarf-with-dsym";
				ENABLE_NS_ASSERTIONS = NO;
				ENABLE_STRICT_OBJC_MSGSEND = YES;
				GCC_C_LANGUAGE_STANDARD = gnu99;
				GCC_NO_COMMON_BLOCKS = YES;
				GCC_WARN_64_TO_32_BIT_CONVERSION = YES;
				GCC_WARN_ABOUT_RETURN_TYPE = YES_ERROR;
				GCC_WARN_UNDECLARED_SELECTOR = YES;
				GCC_WARN_UNINITIALIZED_AUTOS = YES_AGGRESSIVE;
				GCC_WARN_UNUSED_FUNCTION = YES;
				GCC_WARN_UNUSED_VARIABLE = YES;
				IPHONEOS_DEPLOYMENT_TARGET = 10.3;
				MTL_ENABLE_DEBUG_INFO = NO;
				SDKROOT = iphoneos;
				SWIFT_OPTIMIZATION_LEVEL = "-Owholemodule";
				VALIDATE_PRODUCT = YES;
			};
			name = Release;
		};
		023DD4E21EE1BA2C00619590 /* Debug */ = {
			isa = XCBuildConfiguration;
			buildSettings = {
				ASSETCATALOG_COMPILER_APPICON_NAME = AppIcon;
				FRAMEWORK_SEARCH_PATHS = (
					"$(inherited)",
					"$(PROJECT_DIR)/Frameworks",
				);
				INFOPLIST_FILE = HowlNaverMap/Info.plist;
				LD_RUNPATH_SEARCH_PATHS = "$(inherited) @executable_path/Frameworks";
				OTHER_LDFLAGS = (
					"-ObjC",
					"-lxml2",
				);
				PRODUCT_BUNDLE_IDENTIFIER = com.swift.HowlNaverMap;
				PRODUCT_NAME = "$(TARGET_NAME)";
				SWIFT_OBJC_BRIDGING_HEADER = "$(PROJECT_NAME)/HowlNaverMap-Bridging-Header.h";
				SWIFT_VERSION = 3.0;
			};
			name = Debug;
		};
		023DD4E31EE1BA2C00619590 /* Release */ = {
			isa = XCBuildConfiguration;
			buildSettings = {
				ASSETCATALOG_COMPILER_APPICON_NAME = AppIcon;
				FRAMEWORK_SEARCH_PATHS = (
					"$(inherited)",
					"$(PROJECT_DIR)/Frameworks",
				);
				INFOPLIST_FILE = HowlNaverMap/Info.plist;
				LD_RUNPATH_SEARCH_PATHS = "$(inherited) @executable_path/Frameworks";
				PRODUCT_BUNDLE_IDENTIFIER = com.swift.HowlNaverMap;
				PRODUCT_NAME = "$(TARGET_NAME)";
				SWIFT_VERSION = 3.0;
			};
			name = Release;
		};
/* End XCBuildConfiguration section */

/* Begin XCConfigurationList section */
		023DD4CA1EE1BA2C00619590 /* Build configuration list for PBXProject "HowlNaverMap" */ = {
			isa = XCConfigurationList;
			buildConfigurations = (
				023DD4DF1EE1BA2C00619590 /* Debug */,
				023DD4E01EE1BA2C00619590 /* Release */,
			);
			defaultConfigurationIsVisible = 0;
			defaultConfigurationName = Release;
		};
		023DD4E11EE1BA2C00619590 /* Build configuration list for PBXNativeTarget "HowlNaverMap" */ = {
			isa = XCConfigurationList;
			buildConfigurations = (
				023DD4E21EE1BA2C00619590 /* Debug */,
				023DD4E31EE1BA2C00619590 /* Release */,
			);
			defaultConfigurationIsVisible = 0;
		};
/* End XCConfigurationList section */
	};
	rootObject = 023DD4C71EE1BA2C00619590 /* Project object */;
}
